{
    "_readme": [
        "This file locks the dependencies of your project to a known state",
        "Read more about it at https://getcomposer.org/doc/01-basic-usage.md#installing-dependencies",
        "This file is @generated automatically"
    ],
    "content-hash": "0acfc546290868fd15680d3d93589acc",
    "packages": [
        {
            "name": "fhooe/router",
            "version": "v3.0.0",
            "source": {
                "type": "git",
                "url": "https://github.com/Digital-Media/fhooe-router.git",
                "reference": "f07ffa8b417fb562e128b49333635f28b1767814"
            },
            "dist": {
                "type": "zip",
                "url": "https://api.github.com/repos/Digital-Media/fhooe-router/zipball/f07ffa8b417fb562e128b49333635f28b1767814",
                "reference": "f07ffa8b417fb562e128b49333635f28b1767814",
                "shasum": ""
            },
            "require": {
                "ext-mbstring": "*",
                "php": "^8.5",
                "psr/log": "^3.0"
            },
            "require-dev": {
                "ergebnis/composer-normalize": "^2.50",
                "friendsofphp/php-cs-fixer": "^3.94",
                "mockery/mockery": "^1.6",
                "pestphp/pest": "^4.4",
                "phpstan/phpstan": "^2.1"
            },
            "type": "library",
            "autoload": {
                "psr-4": {
                    "Fhooe\\Router\\": "src/"
                }
            },
            "notification-url": "https://packagist.org/downloads/",
            "license": [
                "MIT"
            ],
            "authors": [
                {
                    "name": "Wolfgang Hochleitner",
                    "email": "wolfgang.hochleitner@fh-hagenberg.at",
                    "role": "Developer"
                }
            ],
            "description": "A simple object-oriented router for educational purposes.",
            "keywords": [
                "education",
                "php",
                "routing"
            ],
            "support": {
                "issues": "https://github.com/Digital-Media/fhooe-router/issues",
                "source": "https://github.com/Digital-Media/fhooe-router/tree/v3.0.0"
            },
            "time": "2026-03-24T13:13:43+00:00"
        },
        {
            "name": "psr/log",
            "version": "3.0.2",
            "source": {
                "type": "git",
                "url": "https://github.com/php-fig/log.git",
                "reference": "f16e1d5863e37f8d8c2a01719f5b34baa2b714d3"
            },
            "dist": {
                "type": "zip",
                "url": "https://api.github.com/repos/php-fig/log/zipball/f16e1d5863e37f8d8c2a01719f5b34baa2b714d3",
                "reference": "f16e1d5863e37f8d8c2a01719f5b34baa2b714d3",
                "shasum": ""
            },
            "require": {
                "php": ">=8.0.0"
            },
            "type": "library",
            "extra": {
                "branch-alias": {
                    "dev-master": "3.x-dev"
                }
            },
            "autoload": {
                "psr-4": {
                    "Psr\\Log\\": "src"
                }
            },
            "notification-url": "https://packagist.org/downloads/",
            "license": [
                "MIT"
            ],
            "authors": [
                {
                    "name": "PHP-FIG",
                    "homepage": "https://www.php-fig.org/"
                }
            ],
            "description": "Common interface for logging libraries",
            "homepage": "https://github.com/php-fig/log",
            "keywords": [
                "log",
                "psr",
                "psr-3"
            ],
            "support": {
                "source": "https://github.com/php-fig/log/tree/3.0.2"
            },
            "time": "2024-09-11T13:17:53+00:00"
        }
    ],
    "packages-dev": [],
    "aliases": [],
    "minimum-stability": "stable",
    "stability-flags": {},
    "prefer-stable": false,
    "prefer-lowest": false,
    "platform": {},
    "platform-dev": {},
    "plugin-api-version": "2.9.0"
}
