{
    "_readme": [
        "This file locks the dependencies of your project to a known state",
        "Read more about it at https://getcomposer.org/doc/01-basic-usage.md#installing-dependencies",
        "This file is @generated automatically"
    ],
    "content-hash": "37f15e413e3e8557312487640abc8e76",
    "packages": [
        {
            "name": "fhooe/router",
            "version": "v2.0.0",
            "source": {
                "type": "git",
                "url": "https://github.com/Digital-Media/fhooe-router.git",
                "reference": "dceef0abf4cbc53fa8e4b3c21183c0b7e09a45b4"
            },
            "dist": {
                "type": "zip",
                "url": "https://api.github.com/repos/Digital-Media/fhooe-router/zipball/dceef0abf4cbc53fa8e4b3c21183c0b7e09a45b4",
                "reference": "dceef0abf4cbc53fa8e4b3c21183c0b7e09a45b4",
                "shasum": ""
            },
            "require": {
                "ext-mbstring": "*",
                "php": "^8.4",
                "psr/log": "^3.0"
            },
            "require-dev": {
                "ergebnis/composer-normalize": "^2.45",
                "mockery/mockery": "^1.6",
                "pestphp/pest": "^3.7",
                "phpstan/phpstan": "^2.1"
            },
            "type": "library",
            "autoload": {
                "psr-4": {
                    "Fhooe\\Router\\": "src/"
                }
            },
            "notification-url": "https://packagist.org/downloads/",
            "license": [
                "MIT"
            ],
            "authors": [
                {
                    "name": "Wolfgang Hochleitner",
                    "email": "wolfgang.hochleitner@fh-hagenberg.at",
                    "role": "Developer"
                }
            ],
            "description": "A simple object-oriented router for educational purposes.",
            "keywords": [
                "education",
                "php",
                "routing"
            ],
            "support": {
                "issues": "https://github.com/Digital-Media/fhooe-router/issues",
                "source": "https://github.com/Digital-Media/fhooe-router/tree/v2.0.0"
            },
            "time": "2025-03-26T16:51:08+00:00"
        },
        {
            "name": "psr/log",
            "version": "3.0.0",
            "source": {
                "type": "git",
                "url": "https://github.com/php-fig/log.git",
                "reference": "fe5ea303b0887d5caefd3d431c3e61ad47037001"
            },
            "dist": {
                "type": "zip",
                "url": "https://api.github.com/repos/php-fig/log/zipball/fe5ea303b0887d5caefd3d431c3e61ad47037001",
                "reference": "fe5ea303b0887d5caefd3d431c3e61ad47037001",
                "shasum": ""
            },
            "require": {
                "php": ">=8.0.0"
            },
            "type": "library",
            "extra": {
                "branch-alias": {
                    "dev-master": "3.x-dev"
                }
            },
            "autoload": {
                "psr-4": {
                    "Psr\\Log\\": "src"
                }
            },
            "notification-url": "https://packagist.org/downloads/",
            "license": [
                "MIT"
            ],
            "authors": [
                {
                    "name": "PHP-FIG",
                    "homepage": "https://www.php-fig.org/"
                }
            ],
            "description": "Common interface for logging libraries",
            "homepage": "https://github.com/php-fig/log",
            "keywords": [
                "log",
                "psr",
                "psr-3"
            ],
            "support": {
                "source": "https://github.com/php-fig/log/tree/3.0.0"
            },
            "time": "2021-07-14T16:46:02+00:00"
        }
    ],
    "packages-dev": [],
    "aliases": [],
    "minimum-stability": "stable",
    "stability-flags": {},
    "prefer-stable": false,
    "prefer-lowest": false,
    "platform": {},
    "platform-dev": {},
    "plugin-api-version": "2.6.0"
}
